<?xml version="1.0" encoding="UTF-8" standalone="yes" ?>
<CodeBlocks_project_file>
	<FileVersion major="1" minor="6" />
	<Project>
		<Option title="ordo" />
		<Option makefile_is_custom="1" />
		<Option pch_mode="2" />
		<Option compiler="gcc" />
		<Build>
			<Target title="debug">
				<Option output="bin/libordo" prefix_auto="1" extension_auto="1" />
				<Option object_output="obj/Debug/" />
				<Option type="3" />
				<Option compiler="gcc" />
				<Compiler>
					<Add option="-g" />
				</Compiler>
				<MakeCommands>
					<Build command="$make -f $makefile $target" />
					<CompileFile command="$make -f $makefile $file" />
					<Clean command="$make -f $makefile clean" />
					<DistClean command="$make -f $makefile distclean$target" />
					<AskRebuildNeeded command="$make -q -f $makefile $target" />
					<SilentBuild command="$make -s -f $makefile $target" />
				</MakeCommands>
			</Target>
			<Target title="release">
				<Option output="bin/libordo" prefix_auto="1" extension_auto="1" />
				<Option object_output="obj/Release/" />
				<Option type="3" />
				<Option compiler="gcc" />
				<Compiler>
					<Add option="-O2" />
				</Compiler>
				<Linker>
					<Add option="-s" />
				</Linker>
				<MakeCommands>
					<Build command="$make -f $makefile $target" />
					<CompileFile command="$make -f $makefile $file" />
					<Clean command="$make -f $makefile clean" />
					<DistClean command="$make -f $makefile distclean$target" />
					<AskRebuildNeeded command="$make -q -f $makefile $target" />
					<SilentBuild command="$make -s -f $makefile $target" />
				</MakeCommands>
			</Target>
		</Build>
		<Compiler>
			<Add option="-Wall" />
		</Compiler>
		<Unit filename="include/auth/hmac.h" />
		<Unit filename="include/common/environment.h" />
		<Unit filename="include/common/identification.h" />
		<Unit filename="include/common/ordotypes.h" />
		<Unit filename="include/common/securemem.h" />
		<Unit filename="include/common/version.h" />
		<Unit filename="include/enc/block_cipher_modes/cbc.h" />
		<Unit filename="include/enc/block_cipher_modes/cfb.h" />
		<Unit filename="include/enc/block_cipher_modes/ctr.h" />
		<Unit filename="include/enc/block_cipher_modes/ecb.h" />
		<Unit filename="include/enc/block_cipher_modes/ofb.h" />
		<Unit filename="include/enc/enc_block.h" />
		<Unit filename="include/enc/enc_stream.h" />
		<Unit filename="include/hash/hash.h" />
		<Unit filename="include/ordo.h" />
		<Unit filename="include/primitives/block_ciphers/nullcipher.h" />
		<Unit filename="include/primitives/block_ciphers/threefish256.h" />
		<Unit filename="include/primitives/hash_functions/md5.h" />
		<Unit filename="include/primitives/hash_functions/sha256.h" />
		<Unit filename="include/primitives/hash_functions/skein256.h" />
		<Unit filename="include/primitives/primitives.h" />
		<Unit filename="include/primitives/stream_ciphers/rc4.h" />
		<Unit filename="include/random/random.h" />
		<Unit filename="src/auth/hmac.c">
			<Option compilerVar="CC" />
		</Unit>
		<Unit filename="src/common/ordotypes.c">
			<Option compilerVar="CC" />
		</Unit>
		<Unit filename="src/common/securemem.c">
			<Option compilerVar="CC" />
		</Unit>
		<Unit filename="src/common/version.c">
			<Option compilerVar="CC" />
		</Unit>
		<Unit filename="src/enc/block_cipher_modes/cbc.c">
			<Option compilerVar="CC" />
		</Unit>
		<Unit filename="src/enc/block_cipher_modes/cfb.c">
			<Option compilerVar="CC" />
		</Unit>
		<Unit filename="src/enc/block_cipher_modes/ctr.c">
			<Option compilerVar="CC" />
		</Unit>
		<Unit filename="src/enc/block_cipher_modes/ecb.c">
			<Option compilerVar="CC" />
		</Unit>
		<Unit filename="src/enc/block_cipher_modes/ofb.c">
			<Option compilerVar="CC" />
		</Unit>
		<Unit filename="src/enc/enc_block.c">
			<Option compilerVar="CC" />
		</Unit>
		<Unit filename="src/enc/enc_stream.c">
			<Option compilerVar="CC" />
		</Unit>
		<Unit filename="src/hash/hash.c">
			<Option compilerVar="CC" />
		</Unit>
		<Unit filename="src/ordo.c">
			<Option compilerVar="CC" />
		</Unit>
		<Unit filename="src/primitives/block_ciphers/asm/threefish256.S" />
		<Unit filename="src/primitives/block_ciphers/nullcipher.c">
			<Option compilerVar="CC" />
		</Unit>
		<Unit filename="src/primitives/block_ciphers/threefish256.c">
			<Option compilerVar="CC" />
		</Unit>
		<Unit filename="src/primitives/hash_functions/md5.c">
			<Option compilerVar="CC" />
		</Unit>
		<Unit filename="src/primitives/hash_functions/sha256.c">
			<Option compilerVar="CC" />
		</Unit>
		<Unit filename="src/primitives/hash_functions/skein256.c">
			<Option compilerVar="CC" />
		</Unit>
		<Unit filename="src/primitives/primitives.c">
			<Option compilerVar="CC" />
		</Unit>
		<Unit filename="src/primitives/stream_ciphers/asm/rc4.S" />
		<Unit filename="src/primitives/stream_ciphers/rc4.c">
			<Option compilerVar="CC" />
		</Unit>
		<Unit filename="src/random/random.c">
			<Option compilerVar="CC" />
		</Unit>
		<Extensions>
			<code_completion />
			<envvars />
			<lib_finder disable_auto="1" />
			<debugger />
		</Extensions>
	</Project>
</CodeBlocks_project_file>
