<?xml version="1.0" encoding="UTF-8" standalone="yes" ?>
<CodeBlocks_project_file>
	<FileVersion major="1" minor="6" />
	<Project>
		<Option title="ordo" />
		<Option makefile="makefile" />
		<Option makefile_is_custom="1" />
		<Option execution_dir="src" />
		<Option pch_mode="2" />
		<Option compiler="gcc" />
		<Build>
			<Target title="debug">
				<Option output="bin/debug/ordo" prefix_auto="1" extension_auto="1" />
				<Option object_output="obj/Debug/" />
				<Option type="1" />
				<Option compiler="gcc" />
				<Compiler>
					<Add option="-g" />
				</Compiler>
				<MakeCommands>
					<Build command="$make -f $makefile $target" />
					<CompileFile command="$make -f $makefile $file" />
					<Clean command="$make -f $makefile clean" />
					<DistClean command="$make -f $makefile distclean$target" />
					<AskRebuildNeeded command="$make -q -f $makefile $target" />
					<SilentBuild command="$make -s -f $makefile $target" />
				</MakeCommands>
			</Target>
			<Target title="release">
				<Option output="bin/release/ordo" prefix_auto="1" extension_auto="1" />
				<Option object_output="obj/Release/" />
				<Option type="1" />
				<Option compiler="gcc" />
				<Compiler>
					<Add option="-O2" />
				</Compiler>
				<Linker>
					<Add option="-s" />
				</Linker>
				<MakeCommands>
					<Build command="$make -f $makefile $target" />
					<CompileFile command="$make -f $makefile $file" />
					<Clean command="$make -f $makefile clean" />
					<DistClean command="$make -f $makefile distclean$target" />
					<AskRebuildNeeded command="$make -q -f $makefile $target" />
					<SilentBuild command="$make -s -f $makefile $target" />
				</MakeCommands>
			</Target>
		</Build>
		<Compiler>
			<Add option="-Wall" />
		</Compiler>
		<Unit filename="include/cbc.h" />
		<Unit filename="include/cfb.h" />
		<Unit filename="include/ctr.h" />
		<Unit filename="include/ecb.h" />
		<Unit filename="include/encrypt.h" />
		<Unit filename="include/environment.h" />
		<Unit filename="include/nullcipher.h" />
		<Unit filename="include/ofb.h" />
		<Unit filename="include/ordo.h" />
		<Unit filename="include/ordotypes.h" />
		<Unit filename="include/primitives.h" />
		<Unit filename="include/random.h" />
		<Unit filename="include/rc4.h" />
		<Unit filename="include/securemem.h" />
		<Unit filename="include/stream.h" />
		<Unit filename="include/threefish256.h" />
		<Unit filename="src/cbc.c">
			<Option compilerVar="CC" />
		</Unit>
		<Unit filename="src/cfb.c">
			<Option compilerVar="CC" />
		</Unit>
		<Unit filename="src/ctr.c">
			<Option compilerVar="CC" />
		</Unit>
		<Unit filename="src/ecb.c">
			<Option compilerVar="CC" />
		</Unit>
		<Unit filename="src/encrypt.c">
			<Option compilerVar="CC" />
		</Unit>
		<Unit filename="src/main.c">
			<Option compilerVar="CC" />
		</Unit>
		<Unit filename="src/nullcipher.c">
			<Option compilerVar="CC" />
		</Unit>
		<Unit filename="src/ofb.c">
			<Option compilerVar="CC" />
		</Unit>
		<Unit filename="src/ordo.c">
			<Option compilerVar="CC" />
		</Unit>
		<Unit filename="src/ordotypes.c">
			<Option compilerVar="CC" />
		</Unit>
		<Unit filename="src/primitives.c">
			<Option compilerVar="CC" />
		</Unit>
		<Unit filename="src/random.c">
			<Option compilerVar="CC" />
		</Unit>
		<Unit filename="src/rc4.c">
			<Option compilerVar="CC" />
		</Unit>
		<Unit filename="src/securemem.c">
			<Option compilerVar="CC" />
		</Unit>
		<Unit filename="src/stream.c">
			<Option compilerVar="CC" />
		</Unit>
		<Unit filename="src/threefish256.c">
			<Option compilerVar="CC" />
		</Unit>
		<Unit filename="src/threefish256_asm.S" />
		<Extensions>
			<code_completion />
			<envvars />
			<lib_finder disable_auto="1" />
			<debugger />
		</Extensions>
	</Project>
</CodeBlocks_project_file>
